
Microsoft Visual Studio Solution File, Format Version 12.00
# Visual Studio 15
VisualStudioVersion = 15.0.28010.2003
MinimumVisualStudioVersion = 10.0.40219.1
Project("{FAE04EC0-301F-11D3-BF4B-00C04F79EFBC}") = "Listview", "Listview\Listview.csproj", "{1250D566-111D-4B59-A4DC-049DDF0AB6ED}"
EndProject
Global
	GlobalSection(SolutionConfigurationPlatforms) = preSolution
		Debug|Any CPU = Debug|Any CPU
		Release|Any CPU = Release|Any CPU
	EndGlobalSection
	GlobalSection(ProjectConfigurationPlatforms) = postSolution
		{1250D566-111D-4B59-A4DC-049DDF0AB6ED}.Debug|Any CPU.ActiveCfg = Debug|Any CPU
		{1250D566-111D-4B59-A4DC-049DDF0AB6ED}.Debug|Any CPU.Build.0 = Debug|Any CPU
		{1250D566-111D-4B59-A4DC-049DDF0AB6ED}.Release|Any CPU.ActiveCfg = Release|Any CPU
		{1250D566-111D-4B59-A4DC-049DDF0AB6ED}.Release|Any CPU.Build.0 = Release|Any CPU
	EndGlobalSection
	GlobalSection(SolutionProperties) = preSolution
		HideSolutionNode = FALSE
	EndGlobalSection
	GlobalSection(ExtensibilityGlobals) = postSolution
		SolutionGuid = {2C106A88-D07C-47C0-97C3-3A4DE3EBCD6A}
	EndGlobalSection
EndGlobal
